// !$*UTF8*$!
{
	archiveVersion = 1;
	classes = {
	};
	objectVersion = 55;
	objects = {

/* Begin PBXBuildFile section */
		17A98CD628590638001B9802 /* AppDelegate.swift in Sources */ = {isa = PBXBuildFile; fileRef = 17A98CD528590638001B9802 /* AppDelegate.swift */; };
		17A98CD828590638001B9802 /* SceneDelegate.swift in Sources */ = {isa = PBXBuildFile; fileRef = 17A98CD728590638001B9802 /* SceneDelegate.swift */; };
		17A98CDA28590638001B9802 /* ViewController.swift in Sources */ = {isa = PBXBuildFile; fileRef = 17A98CD928590638001B9802 /* ViewController.swift */; };
		17A98CDD28590638001B9802 /* Main.storyboard in Resources */ = {isa = PBXBuildFile; fileRef = 17A98CDB28590638001B9802 /* Main.storyboard */; };
		17A98CE028590638001B9802 /* myChoice.xcdatamodeld in Sources */ = {isa = PBXBuildFile; fileRef = 17A98CDE28590638001B9802 /* myChoice.xcdatamodeld */; };
		17A98CE22859063A001B9802 /* Assets.xcassets in Resources */ = {isa = PBXBuildFile; fileRef = 17A98CE12859063A001B9802 /* Assets.xcassets */; };
		17A98CE52859063A001B9802 /* LaunchScreen.storyboard in Resources */ = {isa = PBXBuildFile; fileRef = 17A98CE32859063A001B9802 /* LaunchScreen.storyboard */; };
		17A98CF02859063A001B9802 /* myChoiceTests.swift in Sources */ = {isa = PBXBuildFile; fileRef = 17A98CEF2859063A001B9802 /* myChoiceTests.swift */; };
		17A98CFA2859063A001B9802 /* myChoiceUITests.swift in Sources */ = {isa = PBXBuildFile; fileRef = 17A98CF92859063A001B9802 /* myChoiceUITests.swift */; };
		17A98CFC2859063A001B9802 /* myChoiceUITestsLaunchTests.swift in Sources */ = {isa = PBXBuildFile; fileRef = 17A98CFB2859063A001B9802 /* myChoiceUITestsLaunchTests.swift */; };
/* End PBXBuildFile section */

/* Begin PBXContainerItemProxy section */
		17A98CEC2859063A001B9802 /* PBXContainerItemProxy */ = {
			isa = PBXContainerItemProxy;
			containerPortal = 17A98CCA28590638001B9802 /* Project object */;
			proxyType = 1;
			remoteGlobalIDString = 17A98CD128590638001B9802;
			remoteInfo = myChoice;
		};
		17A98CF62859063A001B9802 /* PBXContainerItemProxy */ = {
			isa = PBXContainerItemProxy;
			containerPortal = 17A98CCA28590638001B9802 /* Project object */;
			proxyType = 1;
			remoteGlobalIDString = 17A98CD128590638001B9802;
			remoteInfo = myChoice;
		};
/* End PBXContainerItemProxy section */

/* Begin PBXFileReference section */
		17A98CD228590638001B9802 /* myChoice.app */ = {isa = PBXFileReference; explicitFileType = wrapper.application; includeInIndex = 0; path = myChoice.app; sourceTree = BUILT_PRODUCTS_DIR; };
		17A98CD528590638001B9802 /* AppDelegate.swift */ = {isa = PBXFileReference; lastKnownFileType = sourcecode.swift; path = AppDelegate.swift; sourceTree = "<group>"; };
		17A98CD728590638001B9802 /* SceneDelegate.swift */ = {isa = PBXFileReference; lastKnownFileType = sourcecode.swift; path = SceneDelegate.swift; sourceTree = "<group>"; };
		17A98CD928590638001B9802 /* ViewController.swift */ = {isa = PBXFileReference; lastKnownFileType = sourcecode.swift; path = ViewController.swift; sourceTree = "<group>"; };
		17A98CDC28590638001B9802 /* Base */ = {isa = PBXFileReference; lastKnownFileType = file.storyboard; name = Base; path = Base.lproj/Main.storyboard; sourceTree = "<group>"; };
		17A98CDF28590638001B9802 /* myChoice.xcdatamodel */ = {isa = PBXFileReference; lastKnownFileType = wrapper.xcdatamodel; path = myChoice.xcdatamodel; sourceTree = "<group>"; };
		17A98CE12859063A001B9802 /* Assets.xcassets */ = {isa = PBXFileReference; lastKnownFileType = folder.assetcatalog; path = Assets.xcassets; sourceTree = "<group>"; };
		17A98CE42859063A001B9802 /* Base */ = {isa = PBXFileReference; lastKnownFileType = file.storyboard; name = Base; path = Base.lproj/LaunchScreen.storyboard; sourceTree = "<group>"; };
		17A98CE62859063A001B9802 /* Info.plist */ = {isa = PBXFileReference; lastKnownFileType = text.plist.xml; path = Info.plist; sourceTree = "<group>"; };
		17A98CEB2859063A001B9802 /* myChoiceTests.xctest */ = {isa = PBXFileReference; explicitFileType = wrapper.cfbundle; includeInIndex = 0; path = myChoiceTests.xctest; sourceTree = BUILT_PRODUCTS_DIR; };
		17A98CEF2859063A001B9802 /* myChoiceTests.swift */ = {isa = PBXFileReference; lastKnownFileType = sourcecode.swift; path = myChoiceTests.swift; sourceTree = "<group>"; };
		17A98CF52859063A001B9802 /* myChoiceUITests.xctest */ = {isa = PBXFileReference; explicitFileType = wrapper.cfbundle; includeInIndex = 0; path = myChoiceUITests.xctest; sourceTree = BUILT_PRODUCTS_DIR; };
		17A98CF92859063A001B9802 /* myChoiceUITests.swift */ = {isa = PBXFileReference; lastKnownFileType = sourcecode.swift; path = myChoiceUITests.swift; sourceTree = "<group>"; };
		17A98CFB2859063A001B9802 /* myChoiceUITestsLaunchTests.swift */ = {isa = PBXFileReference; lastKnownFileType = sourcecode.swift; path = myChoiceUITestsLaunchTests.swift; sourceTree = "<group>"; };
/* End PBXFileReference section */

/* Begin PBXFrameworksBuildPhase section */
		17A98CCF28590638001B9802 /* Frameworks */ = {
			isa = PBXFrameworksBuildPhase;
			buildActionMask = 2147483647;
			files = (
			);
			runOnlyForDeploymentPostprocessing = 0;
		};
		17A98CE82859063A001B9802 /* Frameworks */ = {
			isa = PBXFrameworksBuildPhase;
			buildActionMask = 2147483647;
			files = (
			);
			runOnlyForDeploymentPostprocessing = 0;
		};
		17A98CF22859063A001B9802 /* Frameworks */ = {
			isa = PBXFrameworksBuildPhase;
			buildActionMask = 2147483647;
			files = (
			);
			runOnlyForDeploymentPostprocessing = 0;
		};
/* End PBXFrameworksBuildPhase section */

/* Begin PBXGroup section */
		17A98CC928590638001B9802 = {
			isa = PBXGroup;
			children = (
				17A98CD428590638001B9802 /* myChoice */,
				17A98CEE2859063A001B9802 /* myChoiceTests */,
				17A98CF82859063A001B9802 /* myChoiceUITests */,
				17A98CD328590638001B9802 /* Products */,
			);
			sourceTree = "<group>";
		};
		17A98CD328590638001B9802 /* Products */ = {
			isa = PBXGroup;
			children = (
				17A98CD228590638001B9802 /* myChoice.app */,
				17A98CEB2859063A001B9802 /* myChoiceTests.xctest */,
				17A98CF52859063A001B9802 /* myChoiceUITests.xctest */,
			);
			name = Products;
			sourceTree = "<group>";
		};
		17A98CD428590638001B9802 /* myChoice */ = {
			isa = PBXGroup;
			children = (
				17A98CD528590638001B9802 /* AppDelegate.swift */,
				17A98CD728590638001B9802 /* SceneDelegate.swift */,
				17A98CD928590638001B9802 /* ViewController.swift */,
				17A98CDB28590638001B9802 /* Main.storyboard */,
				17A98CE12859063A001B9802 /* Assets.xcassets */,
				17A98CE32859063A001B9802 /* LaunchScreen.storyboard */,
				17A98CE62859063A001B9802 /* Info.plist */,
				17A98CDE28590638001B9802 /* myChoice.xcdatamodeld */,
			);
			path = myChoice;
			sourceTree = "<group>";
		};
		17A98CEE2859063A001B9802 /* myChoiceTests */ = {
			isa = PBXGroup;
			children = (
				17A98CEF2859063A001B9802 /* myChoiceTests.swift */,
			);
			path = myChoiceTests;
			sourceTree = "<group>";
		};
		17A98CF82859063A001B9802 /* myChoiceUITests */ = {
			isa = PBXGroup;
			children = (
				17A98CF92859063A001B9802 /* myChoiceUITests.swift */,
				17A98CFB2859063A001B9802 /* myChoiceUITestsLaunchTests.swift */,
			);
			path = myChoiceUITests;
			sourceTree = "<group>";
		};
/* End PBXGroup section */

/* Begin PBXNativeTarget section */
		17A98CD128590638001B9802 /* myChoice */ = {
			isa = PBXNativeTarget;
			buildConfigurationList = 17A98CFF2859063A001B9802 /* Build configuration list for PBXNativeTarget "myChoice" */;
			buildPhases = (
				17A98CCE28590638001B9802 /* Sources */,
				17A98CCF28590638001B9802 /* Frameworks */,
				17A98CD028590638001B9802 /* Resources */,
			);
			buildRules = (
			);
			dependencies = (
			);
			name = myChoice;
			productName = myChoice;
			productReference = 17A98CD228590638001B9802 /* myChoice.app */;
			productType = "com.apple.product-type.application";
		};
		17A98CEA2859063A001B9802 /* myChoiceTests */ = {
			isa = PBXNativeTarget;
			buildConfigurationList = 17A98D022859063A001B9802 /* Build configuration list for PBXNativeTarget "myChoiceTests" */;
			buildPhases = (
				17A98CE72859063A001B9802 /* Sources */,
				17A98CE82859063A001B9802 /* Frameworks */,
				17A98CE92859063A001B9802 /* Resources */,
			);
			buildRules = (
			);
			dependencies = (
				17A98CED2859063A001B9802 /* PBXTargetDependency */,
			);
			name = myChoiceTests;
			productName = myChoiceTests;
			productReference = 17A98CEB2859063A001B9802 /* myChoiceTests.xctest */;
			productType = "com.apple.product-type.bundle.unit-test";
		};
		17A98CF42859063A001B9802 /* myChoiceUITests */ = {
			isa = PBXNativeTarget;
			buildConfigurationList = 17A98D052859063A001B9802 /* Build configuration list for PBXNativeTarget "myChoiceUITests" */;
			buildPhases = (
				17A98CF12859063A001B9802 /* Sources */,
				17A98CF22859063A001B9802 /* Frameworks */,
				17A98CF32859063A001B9802 /* Resources */,
			);
			buildRules = (
			);
			dependencies = (
				17A98CF72859063A001B9802 /* PBXTargetDependency */,
			);
			name = myChoiceUITests;
			productName = myChoiceUITests;
			productReference = 17A98CF52859063A001B9802 /* myChoiceUITests.xctest */;
			productType = "com.apple.product-type.bundle.ui-testing";
		};
/* End PBXNativeTarget section */

/* Begin PBXProject section */
		17A98CCA28590638001B9802 /* Project object */ = {
			isa = PBXProject;
			attributes = {
				BuildIndependentTargetsInParallel = 1;
				LastSwiftUpdateCheck = 1340;
				LastUpgradeCheck = 1340;
				TargetAttributes = {
					17A98CD128590638001B9802 = {
						CreatedOnToolsVersion = 13.4;
					};
					17A98CEA2859063A001B9802 = {
						CreatedOnToolsVersion = 13.4;
						TestTargetID = 17A98CD128590638001B9802;
					};
					17A98CF42859063A001B9802 = {
						CreatedOnToolsVersion = 13.4;
						TestTargetID = 17A98CD128590638001B9802;
					};
				};
			};
			buildConfigurationList = 17A98CCD28590638001B9802 /* Build configuration list for PBXProject "myChoice" */;
			compatibilityVersion = "Xcode 13.0";
			developmentRegion = en;
			hasScannedForEncodings = 0;
			knownRegions = (
				en,
				Base,
			);
			mainGroup = 17A98CC928590638001B9802;
			productRefGroup = 17A98CD328590638001B9802 /* Products */;
			projectDirPath = "";
			projectRoot = "";
			targets = (
				17A98CD128590638001B9802 /* myChoice */,
				17A98CEA2859063A001B9802 /* myChoiceTests */,
				17A98CF42859063A001B9802 /* myChoiceUITests */,
			);
		};
/* End PBXProject section */

/* Begin PBXResourcesBuildPhase section */
		17A98CD028590638001B9802 /* Resources */ = {
			isa = PBXResourcesBuildPhase;
			buildActionMask = 2147483647;
			files = (
				17A98CE52859063A001B9802 /* LaunchScreen.storyboard in Resources */,
				17A98CE22859063A001B9802 /* Assets.xcassets in Resources */,
				17A98CDD28590638001B9802 /* Main.storyboard in Resources */,
			);
			runOnlyForDeploymentPostprocessing = 0;
		};
		17A98CE92859063A001B9802 /* Resources */ = {
			isa = PBXResourcesBuildPhase;
			buildActionMask = 2147483647;
			files = (
			);
			runOnlyForDeploymentPostprocessing = 0;
		};
		17A98CF32859063A001B9802 /* Resources */ = {
			isa = PBXResourcesBuildPhase;
			buildActionMask = 2147483647;
			files = (
			);
			runOnlyForDeploymentPostprocessing = 0;
		};
/* End PBXResourcesBuildPhase section */

/* Begin PBXSourcesBuildPhase section */
		17A98CCE28590638001B9802 /* Sources */ = {
			isa = PBXSourcesBuildPhase;
			buildActionMask = 2147483647;
			files = (
				17A98CDA28590638001B9802 /* ViewController.swift in Sources */,
				17A98CD628590638001B9802 /* AppDelegate.swift in Sources */,
				17A98CE028590638001B9802 /* myChoice.xcdatamodeld in Sources */,
				17A98CD828590638001B9802 /* SceneDelegate.swift in Sources */,
			);
			runOnlyForDeploymentPostprocessing = 0;
		};
		17A98CE72859063A001B9802 /* Sources */ = {
			isa = PBXSourcesBuildPhase;
			buildActionMask = 2147483647;
			files = (
				17A98CF02859063A001B9802 /* myChoiceTests.swift in Sources */,
			);
			runOnlyForDeploymentPostprocessing = 0;
		};
		17A98CF12859063A001B9802 /* Sources */ = {
			isa = PBXSourcesBuildPhase;
			buildActionMask = 2147483647;
			files = (
				17A98CFC2859063A001B9802 /* myChoiceUITestsLaunchTests.swift in Sources */,
				17A98CFA2859063A001B9802 /* myChoiceUITests.swift in Sources */,
			);
			runOnlyForDeploymentPostprocessing = 0;
		};
/* End PBXSourcesBuildPhase section */

/* Begin PBXTargetDependency section */
		17A98CED2859063A001B9802 /* PBXTargetDependency */ = {
			isa = PBXTargetDependency;
			target = 17A98CD128590638001B9802 /* myChoice */;
			targetProxy = 17A98CEC2859063A001B9802 /* PBXContainerItemProxy */;
		};
		17A98CF72859063A001B9802 /* PBXTargetDependency */ = {
			isa = PBXTargetDependency;
			target = 17A98CD128590638001B9802 /* myChoice */;
			targetProxy = 17A98CF62859063A001B9802 /* PBXContainerItemProxy */;
		};
/* End PBXTargetDependency section */

/* Begin PBXVariantGroup section */
		17A98CDB28590638001B9802 /* Main.storyboard */ = {
			isa = PBXVariantGroup;
			children = (
				17A98CDC28590638001B9802 /* Base */,
			);
			name = Main.storyboard;
			sourceTree = "<group>";
		};
		17A98CE32859063A001B9802 /* LaunchScreen.storyboard */ = {
			isa = PBXVariantGroup;
			children = (
				17A98CE42859063A001B9802 /* Base */,
			);
			name = LaunchScreen.storyboard;
			sourceTree = "<group>";
		};
/* End PBXVariantGroup section */

/* Begin XCBuildConfiguration section */
		17A98CFD2859063A001B9802 /* Debug */ = {
			isa = XCBuildConfiguration;
			buildSettings = {
				ALWAYS_SEARCH_USER_PATHS = NO;
				CLANG_ANALYZER_NONNULL = YES;
				CLANG_ANALYZER_NUMBER_OBJECT_CONVERSION = YES_AGGRESSIVE;
				CLANG_CXX_LANGUAGE_STANDARD = "gnu++17";
				CLANG_ENABLE_MODULES = YES;
				CLANG_ENABLE_OBJC_ARC = YES;
				CLANG_ENABLE_OBJC_WEAK = YES;
				CLANG_WARN_BLOCK_CAPTURE_AUTORELEASING = YES;
				CLANG_WARN_BOOL_CONVERSION = YES;
				CLANG_WARN_COMMA = YES;
				CLANG_WARN_CONSTANT_CONVERSION = YES;
				CLANG_WARN_DEPRECATED_OBJC_IMPLEMENTATIONS = YES;
				CLANG_WARN_DIRECT_OBJC_ISA_USAGE = YES_ERROR;
				CLANG_WARN_DOCUMENTATION_COMMENTS = YES;
				CLANG_WARN_EMPTY_BODY = YES;
				CLANG_WARN_ENUM_CONVERSION = YES;
				CLANG_WARN_INFINITE_RECURSION = YES;
				CLANG_WARN_INT_CONVERSION = YES;
				CLANG_WARN_NON_LITERAL_NULL_CONVERSION = YES;
				CLANG_WARN_OBJC_IMPLICIT_RETAIN_SELF = YES;
				CLANG_WARN_OBJC_LITERAL_CONVERSION = YES;
				CLANG_WARN_OBJC_ROOT_CLASS = YES_ERROR;
				CLANG_WARN_QUOTED_INCLUDE_IN_FRAMEWORK_HEADER = YES;
				CLANG_WARN_RANGE_LOOP_ANALYSIS = YES;
				CLANG_WARN_STRICT_PROTOTYPES = YES;
				CLANG_WARN_SUSPICIOUS_MOVE = YES;
				CLANG_WARN_UNGUARDED_AVAILABILITY = YES_AGGRESSIVE;
				CLANG_WARN_UNREACHABLE_CODE = YES;
				CLANG_WARN__DUPLICATE_METHOD_MATCH = YES;
				COPY_PHASE_STRIP = NO;
				DEBUG_INFORMATION_FORMAT = dwarf;
				ENABLE_STRICT_OBJC_MSGSEND = YES;
				ENABLE_TESTABILITY = YES;
				GCC_C_LANGUAGE_STANDARD = gnu11;
				GCC_DYNAMIC_NO_PIC = NO;
				GCC_NO_COMMON_BLOCKS = YES;
				GCC_OPTIMIZATION_LEVEL = 0;
				GCC_PREPROCESSOR_DEFINITIONS = (
					"DEBUG=1",
					"$(inherited)",
				);
				GCC_WARN_64_TO_32_BIT_CONVERSION = YES;
				GCC_WARN_ABOUT_RETURN_TYPE = YES_ERROR;
				GCC_WARN_UNDECLARED_SELECTOR = YES;
				GCC_WARN_UNINITIALIZED_AUTOS = YES_AGGRESSIVE;
				GCC_WARN_UNUSED_FUNCTION = YES;
				GCC_WARN_UNUSED_VARIABLE = YES;
				IPHONEOS_DEPLOYMENT_TARGET = 15.5;
				MTL_ENABLE_DEBUG_INFO = INCLUDE_SOURCE;
				MTL_FAST_MATH = YES;
				ONLY_ACTIVE_ARCH = YES;
				SDKROOT = iphoneos;
				SWIFT_ACTIVE_COMPILATION_CONDITIONS = DEBUG;
				SWIFT_OPTIMIZATION_LEVEL = "-Onone";
			};
			name = Debug;
		};
		17A98CFE2859063A001B9802 /* Release */ = {
			isa = XCBuildConfiguration;
			buildSettings = {
				ALWAYS_SEARCH_USER_PATHS = NO;
				CLANG_ANALYZER_NONNULL = YES;
				CLANG_ANALYZER_NUMBER_OBJECT_CONVERSION = YES_AGGRESSIVE;
				CLANG_CXX_LANGUAGE_STANDARD = "gnu++17";
				CLANG_ENABLE_MODULES = YES;
				CLANG_ENABLE_OBJC_ARC = YES;
				CLANG_ENABLE_OBJC_WEAK = YES;
				CLANG_WARN_BLOCK_CAPTURE_AUTORELEASING = YES;
				CLANG_WARN_BOOL_CONVERSION = YES;
				CLANG_WARN_COMMA = YES;
				CLANG_WARN_CONSTANT_CONVERSION = YES;
				CLANG_WARN_DEPRECATED_OBJC_IMPLEMENTATIONS = YES;
				CLANG_WARN_DIRECT_OBJC_ISA_USAGE = YES_ERROR;
				CLANG_WARN_DOCUMENTATION_COMMENTS = YES;
				CLANG_WARN_EMPTY_BODY = YES;
				CLANG_WARN_ENUM_CONVERSION = YES;
				CLANG_WARN_INFINITE_RECURSION = YES;
				CLANG_WARN_INT_CONVERSION = YES;
				CLANG_WARN_NON_LITERAL_NULL_CONVERSION = YES;
				CLANG_WARN_OBJC_IMPLICIT_RETAIN_SELF = YES;
				CLANG_WARN_OBJC_LITERAL_CONVERSION = YES;
				CLANG_WARN_OBJC_ROOT_CLASS = YES_ERROR;
				CLANG_WARN_QUOTED_INCLUDE_IN_FRAMEWORK_HEADER = YES;
				CLANG_WARN_RANGE_LOOP_ANALYSIS = YES;
				CLANG_WARN_STRICT_PROTOTYPES = YES;
				CLANG_WARN_SUSPICIOUS_MOVE = YES;
				CLANG_WARN_UNGUARDED_AVAILABILITY = YES_AGGRESSIVE;
				CLANG_WARN_UNREACHABLE_CODE = YES;
				CLANG_WARN__DUPLICATE_METHOD_MATCH = YES;
				COPY_PHASE_STRIP = NO;
				DEBUG_INFORMATION_FORMAT = "dwarf-with-dsym";
				ENABLE_NS_ASSERTIONS = NO;
				ENABLE_STRICT_OBJC_MSGSEND = YES;
				GCC_C_LANGUAGE_STANDARD = gnu11;
				GCC_NO_COMMON_BLOCKS = YES;
				GCC_WARN_64_TO_32_BIT_CONVERSION = YES;
				GCC_WARN_ABOUT_RETURN_TYPE = YES_ERROR;
				GCC_WARN_UNDECLARED_SELECTOR = YES;
				GCC_WARN_UNINITIALIZED_AUTOS = YES_AGGRESSIVE;
				GCC_WARN_UNUSED_FUNCTION = YES;
				GCC_WARN_UNUSED_VARIABLE = YES;
				IPHONEOS_DEPLOYMENT_TARGET = 15.5;
				MTL_ENABLE_DEBUG_INFO = NO;
				MTL_FAST_MATH = YES;
				SDKROOT = iphoneos;
				SWIFT_COMPILATION_MODE = wholemodule;
				SWIFT_OPTIMIZATION_LEVEL = "-O";
				VALIDATE_PRODUCT = YES;
			};
			name = Release;
		};
		17A98D002859063A001B9802 /* Debug */ = {
			isa = XCBuildConfiguration;
			buildSettings = {
				ASSETCATALOG_COMPILER_APPICON_NAME = AppIcon;
				ASSETCATALOG_COMPILER_GLOBAL_ACCENT_COLOR_NAME = AccentColor;
				CODE_SIGN_STYLE = Automatic;
				CURRENT_PROJECT_VERSION = 1;
				GENERATE_INFOPLIST_FILE = YES;
				INFOPLIST_FILE = myChoice/Info.plist;
				INFOPLIST_KEY_UIApplicationSupportsIndirectInputEvents = YES;
				INFOPLIST_KEY_UILaunchStoryboardName = LaunchScreen;
				INFOPLIST_KEY_UIMainStoryboardFile = Main;
				INFOPLIST_KEY_UISupportedInterfaceOrientations_iPad = "UIInterfaceOrientationPortrait UIInterfaceOrientationPortraitUpsideDown UIInterfaceOrientationLandscapeLeft UIInterfaceOrientationLandscapeRight";
				INFOPLIST_KEY_UISupportedInterfaceOrientations_iPhone = "UIInterfaceOrientationPortrait UIInterfaceOrientationLandscapeLeft UIInterfaceOrientationLandscapeRight";
				LD_RUNPATH_SEARCH_PATHS = (
					"$(inherited)",
					"@executable_path/Frameworks",
				);
				MARKETING_VERSION = 1.0;
				PRODUCT_BUNDLE_IDENTIFIER = xd.myChoice;
				PRODUCT_NAME = "$(TARGET_NAME)";
				SWIFT_EMIT_LOC_STRINGS = YES;
				SWIFT_VERSION = 5.0;
				TARGETED_DEVICE_FAMILY = "1,2";
			};
			name = Debug;
		};
		17A98D012859063A001B9802 /* Release */ = {
			isa = XCBuildConfiguration;
			buildSettings = {
				ASSETCATALOG_COMPILER_APPICON_NAME = AppIcon;
				ASSETCATALOG_COMPILER_GLOBAL_ACCENT_COLOR_NAME = AccentColor;
				CODE_SIGN_STYLE = Automatic;
				CURRENT_PROJECT_VERSION = 1;
				GENERATE_INFOPLIST_FILE = YES;
				INFOPLIST_FILE = myChoice/Info.plist;
				INFOPLIST_KEY_UIApplicationSupportsIndirectInputEvents = YES;
				INFOPLIST_KEY_UILaunchStoryboardName = LaunchScreen;
				INFOPLIST_KEY_UIMainStoryboardFile = Main;
				INFOPLIST_KEY_UISupportedInterfaceOrientations_iPad = "UIInterfaceOrientationPortrait UIInterfaceOrientationPortraitUpsideDown UIInterfaceOrientationLandscapeLeft UIInterfaceOrientationLandscapeRight";
				INFOPLIST_KEY_UISupportedInterfaceOrientations_iPhone = "UIInterfaceOrientationPortrait UIInterfaceOrientationLandscapeLeft UIInterfaceOrientationLandscapeRight";
				LD_RUNPATH_SEARCH_PATHS = (
					"$(inherited)",
					"@executable_path/Frameworks",
				);
				MARKETING_VERSION = 1.0;
				PRODUCT_BUNDLE_IDENTIFIER = xd.myChoice;
				PRODUCT_NAME = "$(TARGET_NAME)";
				SWIFT_EMIT_LOC_STRINGS = YES;
				SWIFT_VERSION = 5.0;
				TARGETED_DEVICE_FAMILY = "1,2";
			};
			name = Release;
		};
		17A98D032859063A001B9802 /* Debug */ = {
			isa = XCBuildConfiguration;
			buildSettings = {
				ALWAYS_EMBED_SWIFT_STANDARD_LIBRARIES = YES;
				BUNDLE_LOADER = "$(TEST_HOST)";
				CODE_SIGN_STYLE = Automatic;
				CURRENT_PROJECT_VERSION = 1;
				GENERATE_INFOPLIST_FILE = YES;
				IPHONEOS_DEPLOYMENT_TARGET = 15.5;
				MARKETING_VERSION = 1.0;
				PRODUCT_BUNDLE_IDENTIFIER = xd.myChoiceTests;
				PRODUCT_NAME = "$(TARGET_NAME)";
				SWIFT_EMIT_LOC_STRINGS = NO;
				SWIFT_VERSION = 5.0;
				TARGETED_DEVICE_FAMILY = "1,2";
				TEST_HOST = "$(BUILT_PRODUCTS_DIR)/myChoice.app/myChoice";
			};
			name = Debug;
		};
		17A98D042859063A001B9802 /* Release */ = {
			isa = XCBuildConfiguration;
			buildSettings = {
				ALWAYS_EMBED_SWIFT_STANDARD_LIBRARIES = YES;
				BUNDLE_LOADER = "$(TEST_HOST)";
				CODE_SIGN_STYLE = Automatic;
				CURRENT_PROJECT_VERSION = 1;
				GENERATE_INFOPLIST_FILE = YES;
				IPHONEOS_DEPLOYMENT_TARGET = 15.5;
				MARKETING_VERSION = 1.0;
				PRODUCT_BUNDLE_IDENTIFIER = xd.myChoiceTests;
				PRODUCT_NAME = "$(TARGET_NAME)";
				SWIFT_EMIT_LOC_STRINGS = NO;
				SWIFT_VERSION = 5.0;
				TARGETED_DEVICE_FAMILY = "1,2";
				TEST_HOST = "$(BUILT_PRODUCTS_DIR)/myChoice.app/myChoice";
			};
			name = Release;
		};
		17A98D062859063A001B9802 /* Debug */ = {
			isa = XCBuildConfiguration;
			buildSettings = {
				ALWAYS_EMBED_SWIFT_STANDARD_LIBRARIES = YES;
				CODE_SIGN_STYLE = Automatic;
				CURRENT_PROJECT_VERSION = 1;
				GENERATE_INFOPLIST_FILE = YES;
				MARKETING_VERSION = 1.0;
				PRODUCT_BUNDLE_IDENTIFIER = xd.myChoiceUITests;
				PRODUCT_NAME = "$(TARGET_NAME)";
				SWIFT_EMIT_LOC_STRINGS = NO;
				SWIFT_VERSION = 5.0;
				TARGETED_DEVICE_FAMILY = "1,2";
				TEST_TARGET_NAME = myChoice;
			};
			name = Debug;
		};
		17A98D072859063A001B9802 /* Release */ = {
			isa = XCBuildConfiguration;
			buildSettings = {
				ALWAYS_EMBED_SWIFT_STANDARD_LIBRARIES = YES;
				CODE_SIGN_STYLE = Automatic;
				CURRENT_PROJECT_VERSION = 1;
				GENERATE_INFOPLIST_FILE = YES;
				MARKETING_VERSION = 1.0;
				PRODUCT_BUNDLE_IDENTIFIER = xd.myChoiceUITests;
				PRODUCT_NAME = "$(TARGET_NAME)";
				SWIFT_EMIT_LOC_STRINGS = NO;
				SWIFT_VERSION = 5.0;
				TARGETED_DEVICE_FAMILY = "1,2";
				TEST_TARGET_NAME = myChoice;
			};
			name = Release;
		};
/* End XCBuildConfiguration section */

/* Begin XCConfigurationList section */
		17A98CCD28590638001B9802 /* Build configuration list for PBXProject "myChoice" */ = {
			isa = XCConfigurationList;
			buildConfigurations = (
				17A98CFD2859063A001B9802 /* Debug */,
				17A98CFE2859063A001B9802 /* Release */,
			);
			defaultConfigurationIsVisible = 0;
			defaultConfigurationName = Release;
		};
		17A98CFF2859063A001B9802 /* Build configuration list for PBXNativeTarget "myChoice" */ = {
			isa = XCConfigurationList;
			buildConfigurations = (
				17A98D002859063A001B9802 /* Debug */,
				17A98D012859063A001B9802 /* Release */,
			);
			defaultConfigurationIsVisible = 0;
			defaultConfigurationName = Release;
		};
		17A98D022859063A001B9802 /* Build configuration list for PBXNativeTarget "myChoiceTests" */ = {
			isa = XCConfigurationList;
			buildConfigurations = (
				17A98D032859063A001B9802 /* Debug */,
				17A98D042859063A001B9802 /* Release */,
			);
			defaultConfigurationIsVisible = 0;
			defaultConfigurationName = Release;
		};
		17A98D052859063A001B9802 /* Build configuration list for PBXNativeTarget "myChoiceUITests" */ = {
			isa = XCConfigurationList;
			buildConfigurations = (
				17A98D062859063A001B9802 /* Debug */,
				17A98D072859063A001B9802 /* Release */,
			);
			defaultConfigurationIsVisible = 0;
			defaultConfigurationName = Release;
		};
/* End XCConfigurationList section */

/* Begin XCVersionGroup section */
		17A98CDE28590638001B9802 /* myChoice.xcdatamodeld */ = {
			isa = XCVersionGroup;
			children = (
				17A98CDF28590638001B9802 /* myChoice.xcdatamodel */,
			);
			currentVersion = 17A98CDF28590638001B9802 /* myChoice.xcdatamodel */;
			path = myChoice.xcdatamodeld;
			sourceTree = "<group>";
			versionGroupType = wrapper.xcdatamodel;
		};
/* End XCVersionGroup section */
	};
	rootObject = 17A98CCA28590638001B9802 /* Project object */;
}
